
Microsoft Visual Studio Solution File, Format Version 12.00
# Visual Studio Version 17
VisualStudioVersion = 17.9.34902.65
MinimumVisualStudioVersion = 10.0.40219.1
Project("{FAE04EC0-301F-11D3-BF4B-00C04F79EFBC}") = "ExchangeService", "ExchangeService\ExchangeService.csproj", "{2D4667BF-9D4B-4EDF-8DEB-2BC8153FC737}"
EndProject
Global
	GlobalSection(SolutionConfigurationPlatforms) = preSolution
		Debug|Any CPU = Debug|Any CPU
		Release|Any CPU = Release|Any CPU
	EndGlobalSection
	GlobalSection(ProjectConfigurationPlatforms) = postSolution
		{2D4667BF-9D4B-4EDF-8DEB-2BC8153FC737}.Debug|Any CPU.ActiveCfg = Debug|Any CPU
		{2D4667BF-9D4B-4EDF-8DEB-2BC8153FC737}.Debug|Any CPU.Build.0 = Debug|Any CPU
		{2D4667BF-9D4B-4EDF-8DEB-2BC8153FC737}.Release|Any CPU.ActiveCfg = Release|Any CPU
		{2D4667BF-9D4B-4EDF-8DEB-2BC8153FC737}.Release|Any CPU.Build.0 = Release|Any CPU
	EndGlobalSection
	GlobalSection(SolutionProperties) = preSolution
		HideSolutionNode = FALSE
	EndGlobalSection
	GlobalSection(ExtensibilityGlobals) = postSolution
		SolutionGuid = {EBB24B57-D1E8-44A2-B32E-5396C870C8F1}
	EndGlobalSection
EndGlobal
